// !$*UTF8*$!
{
	archiveVersion = 1;
	classes = {
	};
	objectVersion = 46;
	objects = {

/* Begin PBXBuildFile section */
		285EC0391B0680EE006EE232 /* BikeStation.m in Sources */ = {isa = PBXBuildFile; fileRef = 285EC0381B0680EE006EE232 /* BikeStation.m */; };
		28EA520E1B067409006DC1A7 /* main.m in Sources */ = {isa = PBXBuildFile; fileRef = 28EA520D1B067409006DC1A7 /* main.m */; };
		28EA52111B067409006DC1A7 /* AppDelegate.m in Sources */ = {isa = PBXBuildFile; fileRef = 28EA52101B067409006DC1A7 /* AppDelegate.m */; };
		28EA52131B067409006DC1A7 /* Images.xcassets in Resources */ = {isa = PBXBuildFile; fileRef = 28EA52121B067409006DC1A7 /* Images.xcassets */; };
		28EA52161B067409006DC1A7 /* LaunchScreen.xib in Resources */ = {isa = PBXBuildFile; fileRef = 28EA52141B067409006DC1A7 /* LaunchScreen.xib */; };
		28EA52221B067409006DC1A7 /* BikeNowTests.m in Sources */ = {isa = PBXBuildFile; fileRef = 28EA52211B067409006DC1A7 /* BikeNowTests.m */; };
		28EA522D1B06776C006DC1A7 /* BikeNowViewController.m in Sources */ = {isa = PBXBuildFile; fileRef = 28EA522C1B06776C006DC1A7 /* BikeNowViewController.m */; };
		28EA52301B0677D4006DC1A7 /* BikeNowView.m in Sources */ = {isa = PBXBuildFile; fileRef = 28EA522F1B0677D3006DC1A7 /* BikeNowView.m */; };
		77DD13268DCA9563702CCB90 /* libPods-BikeNow.a in Frameworks */ = {isa = PBXBuildFile; fileRef = DE27BFDB9822B66D337A6F1C /* libPods-BikeNow.a */; };
/* End PBXBuildFile section */

/* Begin PBXContainerItemProxy section */
		28EA521C1B067409006DC1A7 /* PBXContainerItemProxy */ = {
			isa = PBXContainerItemProxy;
			containerPortal = 28EA52001B067409006DC1A7 /* Project object */;
			proxyType = 1;
			remoteGlobalIDString = 28EA52071B067409006DC1A7;
			remoteInfo = BikeNow;
		};
/* End PBXContainerItemProxy section */

/* Begin PBXFileReference section */
		285EC0371B0680EE006EE232 /* BikeStation.h */ = {isa = PBXFileReference; fileEncoding = 4; lastKnownFileType = sourcecode.c.h; path = BikeStation.h; sourceTree = "<group>"; };
		285EC0381B0680EE006EE232 /* BikeStation.m */ = {isa = PBXFileReference; fileEncoding = 4; lastKnownFileType = sourcecode.c.objc; path = BikeStation.m; sourceTree = "<group>"; };
		28EA52081B067409006DC1A7 /* BikeNow.app */ = {isa = PBXFileReference; explicitFileType = wrapper.application; includeInIndex = 0; path = BikeNow.app; sourceTree = BUILT_PRODUCTS_DIR; };
		28EA520C1B067409006DC1A7 /* Info.plist */ = {isa = PBXFileReference; lastKnownFileType = text.plist.xml; path = Info.plist; sourceTree = "<group>"; };
		28EA520D1B067409006DC1A7 /* main.m */ = {isa = PBXFileReference; lastKnownFileType = sourcecode.c.objc; path = main.m; sourceTree = "<group>"; };
		28EA520F1B067409006DC1A7 /* AppDelegate.h */ = {isa = PBXFileReference; lastKnownFileType = sourcecode.c.h; path = AppDelegate.h; sourceTree = "<group>"; };
		28EA52101B067409006DC1A7 /* AppDelegate.m */ = {isa = PBXFileReference; lastKnownFileType = sourcecode.c.objc; path = AppDelegate.m; sourceTree = "<group>"; };
		28EA52121B067409006DC1A7 /* Images.xcassets */ = {isa = PBXFileReference; lastKnownFileType = folder.assetcatalog; path = Images.xcassets; sourceTree = "<group>"; };
		28EA52151B067409006DC1A7 /* Base */ = {isa = PBXFileReference; lastKnownFileType = file.xib; name = Base; path = Base.lproj/LaunchScreen.xib; sourceTree = "<group>"; };
		28EA521B1B067409006DC1A7 /* BikeNowTests.xctest */ = {isa = PBXFileReference; explicitFileType = wrapper.cfbundle; includeInIndex = 0; path = BikeNowTests.xctest; sourceTree = BUILT_PRODUCTS_DIR; };
		28EA52201B067409006DC1A7 /* Info.plist */ = {isa = PBXFileReference; lastKnownFileType = text.plist.xml; path = Info.plist; sourceTree = "<group>"; };
		28EA52211B067409006DC1A7 /* BikeNowTests.m */ = {isa = PBXFileReference; lastKnownFileType = sourcecode.c.objc; path = BikeNowTests.m; sourceTree = "<group>"; };
		28EA522B1B06776C006DC1A7 /* BikeNowViewController.h */ = {isa = PBXFileReference; fileEncoding = 4; lastKnownFileType = sourcecode.c.h; path = BikeNowViewController.h; sourceTree = "<group>"; };
		28EA522C1B06776C006DC1A7 /* BikeNowViewController.m */ = {isa = PBXFileReference; fileEncoding = 4; lastKnownFileType = sourcecode.c.objc; path = BikeNowViewController.m; sourceTree = "<group>"; };
		28EA522E1B0677D3006DC1A7 /* BikeNowView.h */ = {isa = PBXFileReference; fileEncoding = 4; lastKnownFileType = sourcecode.c.h; path = BikeNowView.h; sourceTree = "<group>"; };
		28EA522F1B0677D3006DC1A7 /* BikeNowView.m */ = {isa = PBXFileReference; fileEncoding = 4; lastKnownFileType = sourcecode.c.objc; path = BikeNowView.m; sourceTree = "<group>"; };
		34E7BD40836AEBF67F32A7A2 /* Pods-BikeNow.release.xcconfig */ = {isa = PBXFileReference; includeInIndex = 1; lastKnownFileType = text.xcconfig; name = "Pods-BikeNow.release.xcconfig"; path = "Pods/Target Support Files/Pods-BikeNow/Pods-BikeNow.release.xcconfig"; sourceTree = "<group>"; };
		416B84C549FB7DA7741A03E3 /* Pods-BikeNow.debug.xcconfig */ = {isa = PBXFileReference; includeInIndex = 1; lastKnownFileType = text.xcconfig; name = "Pods-BikeNow.debug.xcconfig"; path = "Pods/Target Support Files/Pods-BikeNow/Pods-BikeNow.debug.xcconfig"; sourceTree = "<group>"; };
		DE27BFDB9822B66D337A6F1C /* libPods-BikeNow.a */ = {isa = PBXFileReference; explicitFileType = archive.ar; includeInIndex = 0; path = "libPods-BikeNow.a"; sourceTree = BUILT_PRODUCTS_DIR; };
/* End PBXFileReference section */

/* Begin PBXFrameworksBuildPhase section */
		28EA52051B067409006DC1A7 /* Frameworks */ = {
			isa = PBXFrameworksBuildPhase;
			buildActionMask = 2147483647;
			files = (
				77DD13268DCA9563702CCB90 /* libPods-BikeNow.a in Frameworks */,
			);
			runOnlyForDeploymentPostprocessing = 0;
		};
		28EA52181B067409006DC1A7 /* Frameworks */ = {
			isa = PBXFrameworksBuildPhase;
			buildActionMask = 2147483647;
			files = (
			);
			runOnlyForDeploymentPostprocessing = 0;
		};
/* End PBXFrameworksBuildPhase section */

/* Begin PBXGroup section */
		0436F084C5B71FCCD9F0406B /* Pods */ = {
			isa = PBXGroup;
			children = (
				416B84C549FB7DA7741A03E3 /* Pods-BikeNow.debug.xcconfig */,
				34E7BD40836AEBF67F32A7A2 /* Pods-BikeNow.release.xcconfig */,
			);
			name = Pods;
			sourceTree = "<group>";
		};
		28EA51FF1B067409006DC1A7 = {
			isa = PBXGroup;
			children = (
				28EA520A1B067409006DC1A7 /* BikeNow */,
				28EA521E1B067409006DC1A7 /* BikeNowTests */,
				28EA52091B067409006DC1A7 /* Products */,
				0436F084C5B71FCCD9F0406B /* Pods */,
				6A1B0FC0AC59650EA18FB698 /* Frameworks */,
			);
			sourceTree = "<group>";
		};
		28EA52091B067409006DC1A7 /* Products */ = {
			isa = PBXGroup;
			children = (
				28EA52081B067409006DC1A7 /* BikeNow.app */,
				28EA521B1B067409006DC1A7 /* BikeNowTests.xctest */,
			);
			name = Products;
			sourceTree = "<group>";
		};
		28EA520A1B067409006DC1A7 /* BikeNow */ = {
			isa = PBXGroup;
			children = (
				28EA520F1B067409006DC1A7 /* AppDelegate.h */,
				28EA52101B067409006DC1A7 /* AppDelegate.m */,
				28EA522E1B0677D3006DC1A7 /* BikeNowView.h */,
				28EA522F1B0677D3006DC1A7 /* BikeNowView.m */,
				28EA522B1B06776C006DC1A7 /* BikeNowViewController.h */,
				28EA522C1B06776C006DC1A7 /* BikeNowViewController.m */,
				28EA52121B067409006DC1A7 /* Images.xcassets */,
				28EA52141B067409006DC1A7 /* LaunchScreen.xib */,
				28EA520B1B067409006DC1A7 /* Supporting Files */,
				285EC0371B0680EE006EE232 /* BikeStation.h */,
				285EC0381B0680EE006EE232 /* BikeStation.m */,
			);
			path = BikeNow;
			sourceTree = "<group>";
		};
		28EA520B1B067409006DC1A7 /* Supporting Files */ = {
			isa = PBXGroup;
			children = (
				28EA520C1B067409006DC1A7 /* Info.plist */,
				28EA520D1B067409006DC1A7 /* main.m */,
			);
			name = "Supporting Files";
			sourceTree = "<group>";
		};
		28EA521E1B067409006DC1A7 /* BikeNowTests */ = {
			isa = PBXGroup;
			children = (
				28EA52211B067409006DC1A7 /* BikeNowTests.m */,
				28EA521F1B067409006DC1A7 /* Supporting Files */,
			);
			path = BikeNowTests;
			sourceTree = "<group>";
		};
		28EA521F1B067409006DC1A7 /* Supporting Files */ = {
			isa = PBXGroup;
			children = (
				28EA52201B067409006DC1A7 /* Info.plist */,
			);
			name = "Supporting Files";
			sourceTree = "<group>";
		};
		6A1B0FC0AC59650EA18FB698 /* Frameworks */ = {
			isa = PBXGroup;
			children = (
				DE27BFDB9822B66D337A6F1C /* libPods-BikeNow.a */,
			);
			name = Frameworks;
			sourceTree = "<group>";
		};
/* End PBXGroup section */

/* Begin PBXNativeTarget section */
		28EA52071B067409006DC1A7 /* BikeNow */ = {
			isa = PBXNativeTarget;
			buildConfigurationList = 28EA52251B067409006DC1A7 /* Build configuration list for PBXNativeTarget "BikeNow" */;
			buildPhases = (
				1D7BA8A1BE57A3781E6D2055 /* Check Pods Manifest.lock */,
				28EA52041B067409006DC1A7 /* Sources */,
				28EA52051B067409006DC1A7 /* Frameworks */,
				28EA52061B067409006DC1A7 /* Resources */,
				38F92C5DF16AD7988D39211B /* Copy Pods Resources */,
			);
			buildRules = (
			);
			dependencies = (
			);
			name = BikeNow;
			productName = BikeNow;
			productReference = 28EA52081B067409006DC1A7 /* BikeNow.app */;
			productType = "com.apple.product-type.application";
		};
		28EA521A1B067409006DC1A7 /* BikeNowTests */ = {
			isa = PBXNativeTarget;
			buildConfigurationList = 28EA52281B067409006DC1A7 /* Build configuration list for PBXNativeTarget "BikeNowTests" */;
			buildPhases = (
				28EA52171B067409006DC1A7 /* Sources */,
				28EA52181B067409006DC1A7 /* Frameworks */,
				28EA52191B067409006DC1A7 /* Resources */,
			);
			buildRules = (
			);
			dependencies = (
				28EA521D1B067409006DC1A7 /* PBXTargetDependency */,
			);
			name = BikeNowTests;
			productName = BikeNowTests;
			productReference = 28EA521B1B067409006DC1A7 /* BikeNowTests.xctest */;
			productType = "com.apple.product-type.bundle.unit-test";
		};
/* End PBXNativeTarget section */

/* Begin PBXProject section */
		28EA52001B067409006DC1A7 /* Project object */ = {
			isa = PBXProject;
			attributes = {
				LastUpgradeCheck = 0630;
				ORGANIZATIONNAME = "Mason Silber";
				TargetAttributes = {
					28EA52071B067409006DC1A7 = {
						CreatedOnToolsVersion = 6.3.1;
					};
					28EA521A1B067409006DC1A7 = {
						CreatedOnToolsVersion = 6.3.1;
						TestTargetID = 28EA52071B067409006DC1A7;
					};
				};
			};
			buildConfigurationList = 28EA52031B067409006DC1A7 /* Build configuration list for PBXProject "BikeNow" */;
			compatibilityVersion = "Xcode 3.2";
			developmentRegion = English;
			hasScannedForEncodings = 0;
			knownRegions = (
				en,
				Base,
			);
			mainGroup = 28EA51FF1B067409006DC1A7;
			productRefGroup = 28EA52091B067409006DC1A7 /* Products */;
			projectDirPath = "";
			projectRoot = "";
			targets = (
				28EA52071B067409006DC1A7 /* BikeNow */,
				28EA521A1B067409006DC1A7 /* BikeNowTests */,
			);
		};
/* End PBXProject section */

/* Begin PBXResourcesBuildPhase section */
		28EA52061B067409006DC1A7 /* Resources */ = {
			isa = PBXResourcesBuildPhase;
			buildActionMask = 2147483647;
			files = (
				28EA52161B067409006DC1A7 /* LaunchScreen.xib in Resources */,
				28EA52131B067409006DC1A7 /* Images.xcassets in Resources */,
			);
			runOnlyForDeploymentPostprocessing = 0;
		};
		28EA52191B067409006DC1A7 /* Resources */ = {
			isa = PBXResourcesBuildPhase;
			buildActionMask = 2147483647;
			files = (
			);
			runOnlyForDeploymentPostprocessing = 0;
		};
/* End PBXResourcesBuildPhase section */

/* Begin PBXShellScriptBuildPhase section */
		1D7BA8A1BE57A3781E6D2055 /* Check Pods Manifest.lock */ = {
			isa = PBXShellScriptBuildPhase;
			buildActionMask = 2147483647;
			files = (
			);
			inputPaths = (
			);
			name = "Check Pods Manifest.lock";
			outputPaths = (
			);
			runOnlyForDeploymentPostprocessing = 0;
			shellPath = /bin/sh;
			shellScript = "diff \"${PODS_ROOT}/../Podfile.lock\" \"${PODS_ROOT}/Manifest.lock\" > /dev/null\nif [[ $? != 0 ]] ; then\n    cat << EOM\nerror: The sandbox is not in sync with the Podfile.lock. Run 'pod install' or update your CocoaPods installation.\nEOM\n    exit 1\nfi\n";
			showEnvVarsInLog = 0;
		};
		38F92C5DF16AD7988D39211B /* Copy Pods Resources */ = {
			isa = PBXShellScriptBuildPhase;
			buildActionMask = 2147483647;
			files = (
			);
			inputPaths = (
			);
			name = "Copy Pods Resources";
			outputPaths = (
			);
			runOnlyForDeploymentPostprocessing = 0;
			shellPath = /bin/sh;
			shellScript = "\"${SRCROOT}/Pods/Target Support Files/Pods-BikeNow/Pods-BikeNow-resources.sh\"\n";
			showEnvVarsInLog = 0;
		};
/* End PBXShellScriptBuildPhase section */

/* Begin PBXSourcesBuildPhase section */
		28EA52041B067409006DC1A7 /* Sources */ = {
			isa = PBXSourcesBuildPhase;
			buildActionMask = 2147483647;
			files = (
				28EA52111B067409006DC1A7 /* AppDelegate.m in Sources */,
				28EA522D1B06776C006DC1A7 /* BikeNowViewController.m in Sources */,
				285EC0391B0680EE006EE232 /* BikeStation.m in Sources */,
				28EA52301B0677D4006DC1A7 /* BikeNowView.m in Sources */,
				28EA520E1B067409006DC1A7 /* main.m in Sources */,
			);
			runOnlyForDeploymentPostprocessing = 0;
		};
		28EA52171B067409006DC1A7 /* Sources */ = {
			isa = PBXSourcesBuildPhase;
			buildActionMask = 2147483647;
			files = (
				28EA52221B067409006DC1A7 /* BikeNowTests.m in Sources */,
			);
			runOnlyForDeploymentPostprocessing = 0;
		};
/* End PBXSourcesBuildPhase section */

/* Begin PBXTargetDependency section */
		28EA521D1B067409006DC1A7 /* PBXTargetDependency */ = {
			isa = PBXTargetDependency;
			target = 28EA52071B067409006DC1A7 /* BikeNow */;
			targetProxy = 28EA521C1B067409006DC1A7 /* PBXContainerItemProxy */;
		};
/* End PBXTargetDependency section */

/* Begin PBXVariantGroup section */
		28EA52141B067409006DC1A7 /* LaunchScreen.xib */ = {
			isa = PBXVariantGroup;
			children = (
				28EA52151B067409006DC1A7 /* Base */,
			);
			name = LaunchScreen.xib;
			sourceTree = "<group>";
		};
/* End PBXVariantGroup section */

/* Begin XCBuildConfiguration section */
		28EA52231B067409006DC1A7 /* Debug */ = {
			isa = XCBuildConfiguration;
			buildSettings = {
				ALWAYS_SEARCH_USER_PATHS = NO;
				CLANG_CXX_LANGUAGE_STANDARD = "gnu++0x";
				CLANG_CXX_LIBRARY = "libc++";
				CLANG_ENABLE_MODULES = YES;
				CLANG_ENABLE_OBJC_ARC = YES;
				CLANG_WARN_BOOL_CONVERSION = YES;
				CLANG_WARN_CONSTANT_CONVERSION = YES;
				CLANG_WARN_DIRECT_OBJC_ISA_USAGE = YES_ERROR;
				CLANG_WARN_EMPTY_BODY = YES;
				CLANG_WARN_ENUM_CONVERSION = YES;
				CLANG_WARN_INT_CONVERSION = YES;
				CLANG_WARN_OBJC_ROOT_CLASS = YES_ERROR;
				CLANG_WARN_UNREACHABLE_CODE = YES;
				CLANG_WARN__DUPLICATE_METHOD_MATCH = YES;
				"CODE_SIGN_IDENTITY[sdk=iphoneos*]" = "iPhone Developer";
				COPY_PHASE_STRIP = NO;
				DEBUG_INFORMATION_FORMAT = "dwarf-with-dsym";
				ENABLE_STRICT_OBJC_MSGSEND = YES;
				GCC_C_LANGUAGE_STANDARD = gnu99;
				GCC_DYNAMIC_NO_PIC = NO;
				GCC_NO_COMMON_BLOCKS = YES;
				GCC_OPTIMIZATION_LEVEL = 0;
				GCC_PREPROCESSOR_DEFINITIONS = (
					"DEBUG=1",
					"$(inherited)",
				);
				GCC_SYMBOLS_PRIVATE_EXTERN = NO;
				GCC_WARN_64_TO_32_BIT_CONVERSION = YES;
				GCC_WARN_ABOUT_RETURN_TYPE = YES_ERROR;
				GCC_WARN_UNDECLARED_SELECTOR = YES;
				GCC_WARN_UNINITIALIZED_AUTOS = YES_AGGRESSIVE;
				GCC_WARN_UNUSED_FUNCTION = YES;
				GCC_WARN_UNUSED_VARIABLE = YES;
				IPHONEOS_DEPLOYMENT_TARGET = 8.3;
				MTL_ENABLE_DEBUG_INFO = YES;
				ONLY_ACTIVE_ARCH = YES;
				SDKROOT = iphoneos;
			};
			name = Debug;
		};
		28EA52241B067409006DC1A7 /* Release */ = {
			isa = XCBuildConfiguration;
			buildSettings = {
				ALWAYS_SEARCH_USER_PATHS = NO;
				CLANG_CXX_LANGUAGE_STANDARD = "gnu++0x";
				CLANG_CXX_LIBRARY = "libc++";
				CLANG_ENABLE_MODULES = YES;
				CLANG_ENABLE_OBJC_ARC = YES;
				CLANG_WARN_BOOL_CONVERSION = YES;
				CLANG_WARN_CONSTANT_CONVERSION = YES;
				CLANG_WARN_DIRECT_OBJC_ISA_USAGE = YES_ERROR;
				CLANG_WARN_EMPTY_BODY = YES;
				CLANG_WARN_ENUM_CONVERSION = YES;
				CLANG_WARN_INT_CONVERSION = YES;
				CLANG_WARN_OBJC_ROOT_CLASS = YES_ERROR;
				CLANG_WARN_UNREACHABLE_CODE = YES;
				CLANG_WARN__DUPLICATE_METHOD_MATCH = YES;
				"CODE_SIGN_IDENTITY[sdk=iphoneos*]" = "iPhone Developer";
				COPY_PHASE_STRIP = NO;
				DEBUG_INFORMATION_FORMAT = "dwarf-with-dsym";
				ENABLE_NS_ASSERTIONS = NO;
				ENABLE_STRICT_OBJC_MSGSEND = YES;
				GCC_C_LANGUAGE_STANDARD = gnu99;
				GCC_NO_COMMON_BLOCKS = YES;
				GCC_WARN_64_TO_32_BIT_CONVERSION = YES;
				GCC_WARN_ABOUT_RETURN_TYPE = YES_ERROR;
				GCC_WARN_UNDECLARED_SELECTOR = YES;
				GCC_WARN_UNINITIALIZED_AUTOS = YES_AGGRESSIVE;
				GCC_WARN_UNUSED_FUNCTION = YES;
				GCC_WARN_UNUSED_VARIABLE = YES;
				IPHONEOS_DEPLOYMENT_TARGET = 8.3;
				MTL_ENABLE_DEBUG_INFO = NO;
				SDKROOT = iphoneos;
				VALIDATE_PRODUCT = YES;
			};
			name = Release;
		};
		28EA52261B067409006DC1A7 /* Debug */ = {
			isa = XCBuildConfiguration;
			baseConfigurationReference = 416B84C549FB7DA7741A03E3 /* Pods-BikeNow.debug.xcconfig */;
			buildSettings = {
				ASSETCATALOG_COMPILER_APPICON_NAME = AppIcon;
				INFOPLIST_FILE = BikeNow/Info.plist;
				LD_RUNPATH_SEARCH_PATHS = "$(inherited) @executable_path/Frameworks";
				PRODUCT_NAME = "$(TARGET_NAME)";
			};
			name = Debug;
		};
		28EA52271B067409006DC1A7 /* Release */ = {
			isa = XCBuildConfiguration;
			baseConfigurationReference = 34E7BD40836AEBF67F32A7A2 /* Pods-BikeNow.release.xcconfig */;
			buildSettings = {
				ASSETCATALOG_COMPILER_APPICON_NAME = AppIcon;
				INFOPLIST_FILE = BikeNow/Info.plist;
				LD_RUNPATH_SEARCH_PATHS = "$(inherited) @executable_path/Frameworks";
				PRODUCT_NAME = "$(TARGET_NAME)";
			};
			name = Release;
		};
		28EA52291B067409006DC1A7 /* Debug */ = {
			isa = XCBuildConfiguration;
			buildSettings = {
				BUNDLE_LOADER = "$(TEST_HOST)";
				FRAMEWORK_SEARCH_PATHS = (
					"$(SDKROOT)/Developer/Library/Frameworks",
					"$(inherited)",
				);
				GCC_PREPROCESSOR_DEFINITIONS = (
					"DEBUG=1",
					"$(inherited)",
				);
				INFOPLIST_FILE = BikeNowTests/Info.plist;
				LD_RUNPATH_SEARCH_PATHS = "$(inherited) @executable_path/Frameworks @loader_path/Frameworks";
				PRODUCT_NAME = "$(TARGET_NAME)";
				TEST_HOST = "$(BUILT_PRODUCTS_DIR)/BikeNow.app/BikeNow";
			};
			name = Debug;
		};
		28EA522A1B067409006DC1A7 /* Release */ = {
			isa = XCBuildConfiguration;
			buildSettings = {
				BUNDLE_LOADER = "$(TEST_HOST)";
				FRAMEWORK_SEARCH_PATHS = (
					"$(SDKROOT)/Developer/Library/Frameworks",
					"$(inherited)",
				);
				INFOPLIST_FILE = BikeNowTests/Info.plist;
				LD_RUNPATH_SEARCH_PATHS = "$(inherited) @executable_path/Frameworks @loader_path/Frameworks";
				PRODUCT_NAME = "$(TARGET_NAME)";
				TEST_HOST = "$(BUILT_PRODUCTS_DIR)/BikeNow.app/BikeNow";
			};
			name = Release;
		};
/* End XCBuildConfiguration section */

/* Begin XCConfigurationList section */
		28EA52031B067409006DC1A7 /* Build configuration list for PBXProject "BikeNow" */ = {
			isa = XCConfigurationList;
			buildConfigurations = (
				28EA52231B067409006DC1A7 /* Debug */,
				28EA52241B067409006DC1A7 /* Release */,
			);
			defaultConfigurationIsVisible = 0;
			defaultConfigurationName = Release;
		};
		28EA52251B067409006DC1A7 /* Build configuration list for PBXNativeTarget "BikeNow" */ = {
			isa = XCConfigurationList;
			buildConfigurations = (
				28EA52261B067409006DC1A7 /* Debug */,
				28EA52271B067409006DC1A7 /* Release */,
			);
			defaultConfigurationIsVisible = 0;
			defaultConfigurationName = Release;
		};
		28EA52281B067409006DC1A7 /* Build configuration list for PBXNativeTarget "BikeNowTests" */ = {
			isa = XCConfigurationList;
			buildConfigurations = (
				28EA52291B067409006DC1A7 /* Debug */,
				28EA522A1B067409006DC1A7 /* Release */,
			);
			defaultConfigurationIsVisible = 0;
			defaultConfigurationName = Release;
		};
/* End XCConfigurationList section */
	};
	rootObject = 28EA52001B067409006DC1A7 /* Project object */;
}
